
Microsoft Visual Studio Solution File, Format Version 12.00
# Visual Studio 15
VisualStudioVersion = 15.0.28307.489
MinimumVisualStudioVersion = 10.0.40219.1
Project("{FAE04EC0-301F-11D3-BF4B-00C04F79EFBC}") = "FluxelPreisMacher", "FluxelPreisMacher\FluxelPreisMacher.csproj", "{D99E8010-18CB-414B-891B-EFA6C7E6B28B}"
EndProject
Global
	GlobalSection(SolutionConfigurationPlatforms) = preSolution
		Debug|Any CPU = Debug|Any CPU
		Release|Any CPU = Release|Any CPU
	EndGlobalSection
	GlobalSection(ProjectConfigurationPlatforms) = postSolution
		{D99E8010-18CB-414B-891B-EFA6C7E6B28B}.Debug|Any CPU.ActiveCfg = Debug|Any CPU
		{D99E8010-18CB-414B-891B-EFA6C7E6B28B}.Debug|Any CPU.Build.0 = Debug|Any CPU
		{D99E8010-18CB-414B-891B-EFA6C7E6B28B}.Release|Any CPU.ActiveCfg = Release|Any CPU
		{D99E8010-18CB-414B-891B-EFA6C7E6B28B}.Release|Any CPU.Build.0 = Release|Any CPU
	EndGlobalSection
	GlobalSection(SolutionProperties) = preSolution
		HideSolutionNode = FALSE
	EndGlobalSection
	GlobalSection(ExtensibilityGlobals) = postSolution
		SolutionGuid = {2151BF1E-60B6-4E24-92C4-3A8A9BAE67F8}
	EndGlobalSection
EndGlobal
